<?xml version="1.0" encoding="utf-8"?>
<Project ToolsVersion="4.0" xmlns="http://schemas.microsoft.com/developer/msbuild/2003">
  <ItemGroup>
    <Filter Include="Archivos de origen">
      <UniqueIdentifier>{4FC737F1-C7A5-4376-A066-2A32D752A2FF}</UniqueIdentifier>
      <Extensions>cpp;c;cc;cxx;c++;cppm;ixx;def;odl;idl;hpj;bat;asm;asmx</Extensions>
    </Filter>
    <Filter Include="Archivos de encabezado">
      <UniqueIdentifier>{93995380-89BD-4b04-88EB-625FBE52EBFB}</UniqueIdentifier>
      <Extensions>h;hh;hpp;hxx;h++;hm;inl;inc;ipp;xsd</Extensions>
    </Filter>
    <Filter Include="Archivos de recursos">
      <UniqueIdentifier>{67DA6AB6-F800-4c08-8B7A-83BB121AAD01}</UniqueIdentifier>
      <Extensions>rc;ico;cur;bmp;dlg;rc2;rct;bin;rgs;gif;jpg;jpeg;jpe;resx;tiff;tif;png;wav;mfcribbon-ms</Extensions>
    </Filter>
    <Filter Include="Archivos de encabezado\piezas">
      <UniqueIdentifier>{978d66e8-d2e0-4b34-a86a-5234b54c7b24}</UniqueIdentifier>
    </Filter>
    <Filter Include="Archivos de origen\piezas">
      <UniqueIdentifier>{14363fd4-58dc-4e07-b74d-2131ca557fe1}</UniqueIdentifier>
    </Filter>
  </ItemGroup>
  <ItemGroup>
    <ClCompile Include="src\AJEDREZ.cpp">
      <Filter>Archivos de origen</Filter>
    </ClCompile>
    <ClCompile Include="src\Vector3d.cpp">
      <Filter>Archivos de origen</Filter>
    </ClCompile>
    <ClCompile Include="src\Color_RGB.cpp">
      <Filter>Archivos de origen</Filter>
    </ClCompile>
    <ClCompile Include="src\Vista.cpp">
      <Filter>Archivos de origen</Filter>
    </ClCompile>
    <ClCompile Include="src\Tablero.cpp">
      <Filter>Archivos de origen</Filter>
    </ClCompile>
    <ClCompile Include="src\Coordinador_ajedrez.cpp">
      <Filter>Archivos de origen</Filter>
    </ClCompile>
    <ClCompile Include="src\Partida.cpp">
      <Filter>Archivos de origen</Filter>
    </ClCompile>
    <ClCompile Include="src\Alfil.cpp">
      <Filter>Archivos de origen\piezas</Filter>
    </ClCompile>
    <ClCompile Include="src\Casilla.cpp">
      <Filter>Archivos de origen\piezas</Filter>
    </ClCompile>
    <ClCompile Include="src\Peon.cpp">
      <Filter>Archivos de origen\piezas</Filter>
    </ClCompile>
    <ClCompile Include="src\Pieza.cpp">
      <Filter>Archivos de origen\piezas</Filter>
    </ClCompile>
    <ClCompile Include="src\Torre.cpp">
      <Filter>Archivos de origen\piezas</Filter>
    </ClCompile>
    <ClCompile Include="src\Visualizar_piezas.cpp">
      <Filter>Archivos de origen</Filter>
    </ClCompile>
    <ClCompile Include="src\Caballo.cpp">
      <Filter>Archivos de origen\piezas</Filter>
    </ClCompile>
    <ClCompile Include="src\Dama.cpp">
      <Filter>Archivos de origen\piezas</Filter>
    </ClCompile>
    <ClCompile Include="src\Rey.cpp">
      <Filter>Archivos de origen\piezas</Filter>
    </ClCompile>
    <ClCompile Include="src\DIOSITA.cpp">
      <Filter>Archivos de origen\piezas</Filter>
    </ClCompile>
    <ClCompile Include="src\Interaccion.cpp">
      <Filter>Archivos de origen</Filter>
    </ClCompile>
  </ItemGroup>
  <ItemGroup>
    <ClInclude Include="src\Vector3d.h">
      <Filter>Archivos de encabezado</Filter>
    </ClInclude>
    <ClInclude Include="src\Color_RGB.h">
      <Filter>Archivos de encabezado</Filter>
    </ClInclude>
    <ClInclude Include="src\Vista.h">
      <Filter>Archivos de encabezado</Filter>
    </ClInclude>
    <ClInclude Include="src\Tablero.h">
      <Filter>Archivos de encabezado</Filter>
    </ClInclude>
    <ClInclude Include="src\Coordinador_ajedrez.h">
      <Filter>Archivos de encabezado</Filter>
    </ClInclude>
    <ClInclude Include="src\Partida.h">
      <Filter>Archivos de encabezado</Filter>
    </ClInclude>
    <ClInclude Include="src\Alfil.h">
      <Filter>Archivos de encabezado\piezas</Filter>
    </ClInclude>
    <ClInclude Include="src\Peon.h">
      <Filter>Archivos de encabezado\piezas</Filter>
    </ClInclude>
    <ClInclude Include="src\Torre.h">
      <Filter>Archivos de encabezado\piezas</Filter>
    </ClInclude>
    <ClInclude Include="src\Casilla.h">
      <Filter>Archivos de encabezado\piezas</Filter>
    </ClInclude>
    <ClInclude Include="src\Pieza.h">
      <Filter>Archivos de encabezado\piezas</Filter>
    </ClInclude>
    <ClInclude Include="src\Visualizar_piezas.h">
      <Filter>Archivos de encabezado</Filter>
    </ClInclude>
    <ClInclude Include="src\Caballo.h">
      <Filter>Archivos de encabezado\piezas</Filter>
    </ClInclude>
    <ClInclude Include="src\Dama.h">
      <Filter>Archivos de encabezado\piezas</Filter>
    </ClInclude>
    <ClInclude Include="src\Rey.h">
      <Filter>Archivos de encabezado\piezas</Filter>
    </ClInclude>
    <ClInclude Include="src\DIOSITA.h">
      <Filter>Archivos de encabezado\piezas</Filter>
    </ClInclude>
    <ClInclude Include="src\Interaccion.h">
      <Filter>Archivos de encabezado</Filter>
    </ClInclude>
  </ItemGroup>
</Project>